{
  "name": "Vue-The-Complete-Guide",
  "lockfileVersion": 2,
  "requires": true,
  "packages": {
    "": {
      "dependencies": {
        "vue-router": "^4.0.13"
      }
    },
    "node_modules/@babel/parser": {
      "version": "7.19.1",
      "license": "MIT",
      "peer": true,
      "bin": {
        "parser": "bin/babel-parser.js"
      },
      "engines": {
        "node": ">=6.0.0"
      }
    },
    "node_modules/@vue/compiler-core": {
      "version": "3.2.39",
      "license": "MIT",
      "peer": true,
      "dependencies": {
        "@babel/parser": "^7.16.4",
        "@vue/shared": "3.2.39",
        "estree-walker": "^2.0.2",
        "source-map": "^0.6.1"
      }
    },
    "node_modules/@vue/compiler-dom": {
      "version": "3.2.39",
      "license": "MIT",
      "peer": true,
      "dependencies": {
        "@vue/compiler-core": "3.2.39",
        "@vue/shared": "3.2.39"
      }
    },
    "node_modules/@vue/compiler-sfc": {
      "version": "3.2.39",
      "license": "MIT",
      "peer": true,
      "dependencies": {
        "@babel/parser": "^7.16.4",
        "@vue/compiler-core": "3.2.39",
        "@vue/compiler-dom": "3.2.39",
        "@vue/compiler-ssr": "3.2.39",
        "@vue/reactivity-transform": "3.2.39",
        "@vue/shared": "3.2.39",
        "estree-walker": "^2.0.2",
        "magic-string": "^0.25.7",
        "postcss": "^8.1.10",
        "source-map": "^0.6.1"
      }
    },
    "node_modules/@vue/compiler-sfc/node_modules/picocolors": {
      "version": "1.0.0",
      "license": "ISC",
      "peer": true
    },
    "node_modules/@vue/compiler-sfc/node_modules/postcss": {
      "version": "8.4.16",
      "funding": [
        {
          "type": "opencollective",
          "url": "https://opencollective.com/postcss/"
        },
        {
          "type": "tidelift",
          "url": "https://tidelift.com/funding/github/npm/postcss"
        }
      ],
      "license": "MIT",
      "peer": true,
      "dependencies": {
        "nanoid": "^3.3.4",
        "picocolors": "^1.0.0",
        "source-map-js": "^1.0.2"
      },
      "engines": {
        "node": "^10 || ^12 || >=14"
      }
    },
    "node_modules/@vue/compiler-ssr": {
      "version": "3.2.39",
      "license": "MIT",
      "peer": true,
      "dependencies": {
        "@vue/compiler-dom": "3.2.39",
        "@vue/shared": "3.2.39"
      }
    },
    "node_modules/@vue/devtools-api": {
      "version": "6.4.4",
      "resolved": "https://registry.npmjs.org/@vue/devtools-api/-/devtools-api-6.4.4.tgz",
      "integrity": "sha512-Ku31WzpOV/8cruFaXaEZKF81WkNnvCSlBY4eOGtz5WMSdJvX1v1WWlSMGZeqUwPtQ27ZZz7B62erEMq8JDjcXw=="
    },
    "node_modules/@vue/reactivity": {
      "version": "3.2.39",
      "license": "MIT",
      "peer": true,
      "dependencies": {
        "@vue/shared": "3.2.39"
      }
    },
    "node_modules/@vue/reactivity-transform": {
      "version": "3.2.39",
      "license": "MIT",
      "peer": true,
      "dependencies": {
        "@babel/parser": "^7.16.4",
        "@vue/compiler-core": "3.2.39",
        "@vue/shared": "3.2.39",
        "estree-walker": "^2.0.2",
        "magic-string": "^0.25.7"
      }
    },
    "node_modules/@vue/runtime-core": {
      "version": "3.2.39",
      "license": "MIT",
      "peer": true,
      "dependencies": {
        "@vue/reactivity": "3.2.39",
        "@vue/shared": "3.2.39"
      }
    },
    "node_modules/@vue/runtime-dom": {
      "version": "3.2.39",
      "license": "MIT",
      "peer": true,
      "dependencies": {
        "@vue/runtime-core": "3.2.39",
        "@vue/shared": "3.2.39",
        "csstype": "^2.6.8"
      }
    },
    "node_modules/@vue/server-renderer": {
      "version": "3.2.39",
      "license": "MIT",
      "peer": true,
      "dependencies": {
        "@vue/compiler-ssr": "3.2.39",
        "@vue/shared": "3.2.39"
      },
      "peerDependencies": {
        "vue": "3.2.39"
      }
    },
    "node_modules/@vue/shared": {
      "version": "3.2.39",
      "license": "MIT",
      "peer": true
    },
    "node_modules/csstype": {
      "version": "2.6.21",
      "license": "MIT",
      "peer": true
    },
    "node_modules/estree-walker": {
      "version": "2.0.2",
      "license": "MIT",
      "peer": true
    },
    "node_modules/magic-string": {
      "version": "0.25.9",
      "license": "MIT",
      "peer": true,
      "dependencies": {
        "sourcemap-codec": "^1.4.8"
      }
    },
    "node_modules/nanoid": {
      "version": "3.3.4",
      "license": "MIT",
      "peer": true,
      "bin": {
        "nanoid": "bin/nanoid.cjs"
      },
      "engines": {
        "node": "^10 || ^12 || ^13.7 || ^14 || >=15.0.1"
      }
    },
    "node_modules/source-map": {
      "version": "0.6.1",
      "license": "BSD-3-Clause",
      "peer": true,
      "engines": {
        "node": ">=0.10.0"
      }
    },
    "node_modules/source-map-js": {
      "version": "1.0.2",
      "license": "BSD-3-Clause",
      "peer": true,
      "engines": {
        "node": ">=0.10.0"
      }
    },
    "node_modules/sourcemap-codec": {
      "version": "1.4.8",
      "license": "MIT",
      "peer": true
    },
    "node_modules/vue": {
      "version": "3.2.39",
      "license": "MIT",
      "peer": true,
      "dependencies": {
        "@vue/compiler-dom": "3.2.39",
        "@vue/compiler-sfc": "3.2.39",
        "@vue/runtime-dom": "3.2.39",
        "@vue/server-renderer": "3.2.39",
        "@vue/shared": "3.2.39"
      }
    },
    "node_modules/vue-router": {
      "version": "4.0.13",
      "resolved": "https://registry.npmjs.org/vue-router/-/vue-router-4.0.13.tgz",
      "integrity": "sha512-LmXrC+BkDRLak+d5xTMgUYraT3Nj0H/vCbP+7usGvIl9Viqd1UP6AsP0i69pSbn9O0dXK/xCdp4yPw21HqV9Jw==",
      "dependencies": {
        "@vue/devtools-api": "^6.0.0"
      },
      "funding": {
        "url": "https://github.com/sponsors/posva"
      },
      "peerDependencies": {
        "vue": "^3.2.0"
      }
    }
  },
  "dependencies": {
    "@babel/parser": {
      "version": "7.19.1",
      "peer": true
    },
    "@vue/compiler-core": {
      "version": "3.2.39",
      "peer": true,
      "requires": {
        "@babel/parser": "^7.16.4",
        "@vue/shared": "3.2.39",
        "estree-walker": "^2.0.2",
        "source-map": "^0.6.1"
      }
    },
    "@vue/compiler-dom": {
      "version": "3.2.39",
      "peer": true,
      "requires": {
        "@vue/compiler-core": "3.2.39",
        "@vue/shared": "3.2.39"
      }
    },
    "@vue/compiler-sfc": {
      "version": "3.2.39",
      "peer": true,
      "requires": {
        "@babel/parser": "^7.16.4",
        "@vue/compiler-core": "3.2.39",
        "@vue/compiler-dom": "3.2.39",
        "@vue/compiler-ssr": "3.2.39",
        "@vue/reactivity-transform": "3.2.39",
        "@vue/shared": "3.2.39",
        "estree-walker": "^2.0.2",
        "magic-string": "^0.25.7",
        "postcss": "^8.1.10",
        "source-map": "^0.6.1"
      },
      "dependencies": {
        "picocolors": {
          "version": "1.0.0",
          "peer": true
        },
        "postcss": {
          "version": "8.4.16",
          "peer": true,
          "requires": {
            "nanoid": "^3.3.4",
            "picocolors": "^1.0.0",
            "source-map-js": "^1.0.2"
          }
        }
      }
    },
    "@vue/compiler-ssr": {
      "version": "3.2.39",
      "peer": true,
      "requires": {
        "@vue/compiler-dom": "3.2.39",
        "@vue/shared": "3.2.39"
      }
    },
    "@vue/devtools-api": {
      "version": "6.4.4",
      "resolved": "https://registry.npmjs.org/@vue/devtools-api/-/devtools-api-6.4.4.tgz",
      "integrity": "sha512-Ku31WzpOV/8cruFaXaEZKF81WkNnvCSlBY4eOGtz5WMSdJvX1v1WWlSMGZeqUwPtQ27ZZz7B62erEMq8JDjcXw=="
    },
    "@vue/reactivity": {
      "version": "3.2.39",
      "peer": true,
      "requires": {
        "@vue/shared": "3.2.39"
      }
    },
    "@vue/reactivity-transform": {
      "version": "3.2.39",
      "peer": true,
      "requires": {
        "@babel/parser": "^7.16.4",
        "@vue/compiler-core": "3.2.39",
        "@vue/shared": "3.2.39",
        "estree-walker": "^2.0.2",
        "magic-string": "^0.25.7"
      }
    },
    "@vue/runtime-core": {
      "version": "3.2.39",
      "peer": true,
      "requires": {
        "@vue/reactivity": "3.2.39",
        "@vue/shared": "3.2.39"
      }
    },
    "@vue/runtime-dom": {
      "version": "3.2.39",
      "peer": true,
      "requires": {
        "@vue/runtime-core": "3.2.39",
        "@vue/shared": "3.2.39",
        "csstype": "^2.6.8"
      }
    },
    "@vue/server-renderer": {
      "version": "3.2.39",
      "peer": true,
      "requires": {
        "@vue/compiler-ssr": "3.2.39",
        "@vue/shared": "3.2.39"
      }
    },
    "@vue/shared": {
      "version": "3.2.39",
      "peer": true
    },
    "csstype": {
      "version": "2.6.21",
      "peer": true
    },
    "estree-walker": {
      "version": "2.0.2",
      "peer": true
    },
    "magic-string": {
      "version": "0.25.9",
      "peer": true,
      "requires": {
        "sourcemap-codec": "^1.4.8"
      }
    },
    "nanoid": {
      "version": "3.3.4",
      "peer": true
    },
    "source-map": {
      "version": "0.6.1",
      "peer": true
    },
    "source-map-js": {
      "version": "1.0.2",
      "peer": true
    },
    "sourcemap-codec": {
      "version": "1.4.8",
      "peer": true
    },
    "vue": {
      "version": "3.2.39",
      "peer": true,
      "requires": {
        "@vue/compiler-dom": "3.2.39",
        "@vue/compiler-sfc": "3.2.39",
        "@vue/runtime-dom": "3.2.39",
        "@vue/server-renderer": "3.2.39",
        "@vue/shared": "3.2.39"
      }
    },
    "vue-router": {
      "version": "4.0.13",
      "resolved": "https://registry.npmjs.org/vue-router/-/vue-router-4.0.13.tgz",
      "integrity": "sha512-LmXrC+BkDRLak+d5xTMgUYraT3Nj0H/vCbP+7usGvIl9Viqd1UP6AsP0i69pSbn9O0dXK/xCdp4yPw21HqV9Jw==",
      "requires": {
        "@vue/devtools-api": "^6.0.0"
      }
    }
  }
}
